// !$*UTF8*$!
{
	archiveVersion = 1;
	classes = {
	};
	objectVersion = 46;
	objects = {

/* Begin PBXBuildFile section */
		B332DBD21C208F0600DC9A13 /* PaddleNode.swift in Sources */ = {isa = PBXBuildFile; fileRef = B332DBD11C208F0600DC9A13 /* PaddleNode.swift */; };
		B332DBD41C209D2400DC9A13 /* BumperNode.swift in Sources */ = {isa = PBXBuildFile; fileRef = B332DBD31C209D2400DC9A13 /* BumperNode.swift */; };
		B332DBD61C209DFA00DC9A13 /* TargetNode.swift in Sources */ = {isa = PBXBuildFile; fileRef = B332DBD51C209DFA00DC9A13 /* TargetNode.swift */; };
		B332DBD81C20A54000DC9A13 /* layout.plist in Resources */ = {isa = PBXBuildFile; fileRef = B332DBD71C20A54000DC9A13 /* layout.plist */; };
		B332DBDA1C20AF6800DC9A13 /* HUDNode.swift in Sources */ = {isa = PBXBuildFile; fileRef = B332DBD91C20AF6800DC9A13 /* HUDNode.swift */; };
		B332DBDC1C20B4A800DC9A13 /* CategoriesMask.swift in Sources */ = {isa = PBXBuildFile; fileRef = B332DBDB1C20B4A800DC9A13 /* CategoriesMask.swift */; };
		B332DBE01C20CDFF00DC9A13 /* bump1.aif in Resources */ = {isa = PBXBuildFile; fileRef = B332DBDD1C20CDFF00DC9A13 /* bump1.aif */; };
		B332DBE11C20CDFF00DC9A13 /* bump2.aif in Resources */ = {isa = PBXBuildFile; fileRef = B332DBDE1C20CDFF00DC9A13 /* bump2.aif */; };
		B332DBE21C20CDFF00DC9A13 /* bump3.aif in Resources */ = {isa = PBXBuildFile; fileRef = B332DBDF1C20CDFF00DC9A13 /* bump3.aif */; };
		B332DBE61C20CE0A00DC9A13 /* target1.aif in Resources */ = {isa = PBXBuildFile; fileRef = B332DBE31C20CE0A00DC9A13 /* target1.aif */; };
		B332DBE71C20CE0A00DC9A13 /* target2.aif in Resources */ = {isa = PBXBuildFile; fileRef = B332DBE41C20CE0A00DC9A13 /* target2.aif */; };
		B332DBE81C20CE0A00DC9A13 /* target3.aif in Resources */ = {isa = PBXBuildFile; fileRef = B332DBE51C20CE0A00DC9A13 /* target3.aif */; };
		B36C04CC1C12092F00F4058D /* AppDelegate.swift in Sources */ = {isa = PBXBuildFile; fileRef = B36C04CB1C12092F00F4058D /* AppDelegate.swift */; };
		B36C04CE1C12092F00F4058D /* GameScene.sks in Resources */ = {isa = PBXBuildFile; fileRef = B36C04CD1C12092F00F4058D /* GameScene.sks */; };
		B36C04D01C12092F00F4058D /* GameScene.swift in Sources */ = {isa = PBXBuildFile; fileRef = B36C04CF1C12092F00F4058D /* GameScene.swift */; };
		B36C04D21C12092F00F4058D /* GameViewController.swift in Sources */ = {isa = PBXBuildFile; fileRef = B36C04D11C12092F00F4058D /* GameViewController.swift */; };
		B36C04D51C12092F00F4058D /* Main.storyboard in Resources */ = {isa = PBXBuildFile; fileRef = B36C04D31C12092F00F4058D /* Main.storyboard */; };
		B36C04D71C12092F00F4058D /* Assets.xcassets in Resources */ = {isa = PBXBuildFile; fileRef = B36C04D61C12092F00F4058D /* Assets.xcassets */; };
		B36C04DA1C12092F00F4058D /* LaunchScreen.storyboard in Resources */ = {isa = PBXBuildFile; fileRef = B36C04D81C12092F00F4058D /* LaunchScreen.storyboard */; };
		B36C04E71C12099500F4058D /* paddle-box.png in Resources */ = {isa = PBXBuildFile; fileRef = B36C04E11C12099500F4058D /* paddle-box.png */; };
		B36C04E81C12099500F4058D /* plunger.png in Resources */ = {isa = PBXBuildFile; fileRef = B36C04E21C12099500F4058D /* plunger.png */; };
		B36C04E91C12099500F4058D /* target.png in Resources */ = {isa = PBXBuildFile; fileRef = B36C04E31C12099500F4058D /* target.png */; };
		B36C04EA1C12099500F4058D /* bumper.png in Resources */ = {isa = PBXBuildFile; fileRef = B36C04E41C12099500F4058D /* bumper.png */; };
		B36C04EB1C12099500F4058D /* pinball.png in Resources */ = {isa = PBXBuildFile; fileRef = B36C04E51C12099500F4058D /* pinball.png */; };
		B36C04EC1C12099500F4058D /* paddle-anchor.png in Resources */ = {isa = PBXBuildFile; fileRef = B36C04E61C12099500F4058D /* paddle-anchor.png */; };
		B36C04EE1C120EF000F4058D /* PinballNode.swift in Sources */ = {isa = PBXBuildFile; fileRef = B36C04ED1C120EF000F4058D /* PinballNode.swift */; };
		B36C04F11C12102400F4058D /* PlungerNode.swift in Sources */ = {isa = PBXBuildFile; fileRef = B36C04F01C12102400F4058D /* PlungerNode.swift */; };
		B36C04F51C13F34600F4058D /* TableNode.swift in Sources */ = {isa = PBXBuildFile; fileRef = B36C04F41C13F34600F4058D /* TableNode.swift */; };
/* End PBXBuildFile section */

/* Begin PBXFileReference section */
		B332DBD11C208F0600DC9A13 /* PaddleNode.swift */ = {isa = PBXFileReference; fileEncoding = 4; lastKnownFileType = sourcecode.swift; path = PaddleNode.swift; sourceTree = "<group>"; };
		B332DBD31C209D2400DC9A13 /* BumperNode.swift */ = {isa = PBXFileReference; fileEncoding = 4; lastKnownFileType = sourcecode.swift; path = BumperNode.swift; sourceTree = "<group>"; };
		B332DBD51C209DFA00DC9A13 /* TargetNode.swift */ = {isa = PBXFileReference; fileEncoding = 4; lastKnownFileType = sourcecode.swift; path = TargetNode.swift; sourceTree = "<group>"; };
		B332DBD71C20A54000DC9A13 /* layout.plist */ = {isa = PBXFileReference; fileEncoding = 4; lastKnownFileType = text.plist.xml; path = layout.plist; sourceTree = "<group>"; };
		B332DBD91C20AF6800DC9A13 /* HUDNode.swift */ = {isa = PBXFileReference; fileEncoding = 4; lastKnownFileType = sourcecode.swift; path = HUDNode.swift; sourceTree = "<group>"; };
		B332DBDB1C20B4A800DC9A13 /* CategoriesMask.swift */ = {isa = PBXFileReference; fileEncoding = 4; lastKnownFileType = sourcecode.swift; path = CategoriesMask.swift; sourceTree = "<group>"; };
		B332DBDD1C20CDFF00DC9A13 /* bump1.aif */ = {isa = PBXFileReference; lastKnownFileType = file; path = bump1.aif; sourceTree = "<group>"; };
		B332DBDE1C20CDFF00DC9A13 /* bump2.aif */ = {isa = PBXFileReference; lastKnownFileType = file; path = bump2.aif; sourceTree = "<group>"; };
		B332DBDF1C20CDFF00DC9A13 /* bump3.aif */ = {isa = PBXFileReference; lastKnownFileType = file; path = bump3.aif; sourceTree = "<group>"; };
		B332DBE31C20CE0A00DC9A13 /* target1.aif */ = {isa = PBXFileReference; lastKnownFileType = file; path = target1.aif; sourceTree = "<group>"; };
		B332DBE41C20CE0A00DC9A13 /* target2.aif */ = {isa = PBXFileReference; lastKnownFileType = file; path = target2.aif; sourceTree = "<group>"; };
		B332DBE51C20CE0A00DC9A13 /* target3.aif */ = {isa = PBXFileReference; lastKnownFileType = file; path = target3.aif; sourceTree = "<group>"; };
		B36C04C81C12092F00F4058D /* PhysicsBall.app */ = {isa = PBXFileReference; explicitFileType = wrapper.application; includeInIndex = 0; path = PhysicsBall.app; sourceTree = BUILT_PRODUCTS_DIR; };
		B36C04CB1C12092F00F4058D /* AppDelegate.swift */ = {isa = PBXFileReference; lastKnownFileType = sourcecode.swift; path = AppDelegate.swift; sourceTree = "<group>"; };
		B36C04CD1C12092F00F4058D /* GameScene.sks */ = {isa = PBXFileReference; lastKnownFileType = file.sks; path = GameScene.sks; sourceTree = "<group>"; };
		B36C04CF1C12092F00F4058D /* GameScene.swift */ = {isa = PBXFileReference; lastKnownFileType = sourcecode.swift; path = GameScene.swift; sourceTree = "<group>"; };
		B36C04D11C12092F00F4058D /* GameViewController.swift */ = {isa = PBXFileReference; lastKnownFileType = sourcecode.swift; path = GameViewController.swift; sourceTree = "<group>"; };
		B36C04D41C12092F00F4058D /* Base */ = {isa = PBXFileReference; lastKnownFileType = file.storyboard; name = Base; path = Base.lproj/Main.storyboard; sourceTree = "<group>"; };
		B36C04D61C12092F00F4058D /* Assets.xcassets */ = {isa = PBXFileReference; lastKnownFileType = folder.assetcatalog; path = Assets.xcassets; sourceTree = "<group>"; };
		B36C04D91C12092F00F4058D /* Base */ = {isa = PBXFileReference; lastKnownFileType = file.storyboard; name = Base; path = Base.lproj/LaunchScreen.storyboard; sourceTree = "<group>"; };
		B36C04DB1C12092F00F4058D /* Info.plist */ = {isa = PBXFileReference; lastKnownFileType = text.plist.xml; path = Info.plist; sourceTree = "<group>"; };
		B36C04E11C12099500F4058D /* paddle-box.png */ = {isa = PBXFileReference; lastKnownFileType = image.png; path = "paddle-box.png"; sourceTree = "<group>"; };
		B36C04E21C12099500F4058D /* plunger.png */ = {isa = PBXFileReference; lastKnownFileType = image.png; path = plunger.png; sourceTree = "<group>"; };
		B36C04E31C12099500F4058D /* target.png */ = {isa = PBXFileReference; lastKnownFileType = image.png; path = target.png; sourceTree = "<group>"; };
		B36C04E41C12099500F4058D /* bumper.png */ = {isa = PBXFileReference; lastKnownFileType = image.png; path = bumper.png; sourceTree = "<group>"; };
		B36C04E51C12099500F4058D /* pinball.png */ = {isa = PBXFileReference; lastKnownFileType = image.png; path = pinball.png; sourceTree = "<group>"; };
		B36C04E61C12099500F4058D /* paddle-anchor.png */ = {isa = PBXFileReference; lastKnownFileType = image.png; path = "paddle-anchor.png"; sourceTree = "<group>"; };
		B36C04ED1C120EF000F4058D /* PinballNode.swift */ = {isa = PBXFileReference; fileEncoding = 4; lastKnownFileType = sourcecode.swift; path = PinballNode.swift; sourceTree = "<group>"; };
		B36C04F01C12102400F4058D /* PlungerNode.swift */ = {isa = PBXFileReference; fileEncoding = 4; lastKnownFileType = sourcecode.swift; path = PlungerNode.swift; sourceTree = "<group>"; };
		B36C04F41C13F34600F4058D /* TableNode.swift */ = {isa = PBXFileReference; fileEncoding = 4; lastKnownFileType = sourcecode.swift; path = TableNode.swift; sourceTree = "<group>"; };
/* End PBXFileReference section */

/* Begin PBXFrameworksBuildPhase section */
		B36C04C51C12092F00F4058D /* Frameworks */ = {
			isa = PBXFrameworksBuildPhase;
			buildActionMask = 2147483647;
			files = (
			);
			runOnlyForDeploymentPostprocessing = 0;
		};
/* End PBXFrameworksBuildPhase section */

/* Begin PBXGroup section */
		B36C04BF1C12092F00F4058D = {
			isa = PBXGroup;
			children = (
				B36C04CA1C12092F00F4058D /* PhysicsBall */,
				B36C04C91C12092F00F4058D /* Products */,
			);
			sourceTree = "<group>";
		};
		B36C04C91C12092F00F4058D /* Products */ = {
			isa = PBXGroup;
			children = (
				B36C04C81C12092F00F4058D /* PhysicsBall.app */,
			);
			name = Products;
			sourceTree = "<group>";
		};
		B36C04CA1C12092F00F4058D /* PhysicsBall */ = {
			isa = PBXGroup;
			children = (
				B332DBD31C209D2400DC9A13 /* BumperNode.swift */,
				B332DBD11C208F0600DC9A13 /* PaddleNode.swift */,
				B36C04ED1C120EF000F4058D /* PinballNode.swift */,
				B36C04F01C12102400F4058D /* PlungerNode.swift */,
				B332DBD91C20AF6800DC9A13 /* HUDNode.swift */,
				B332DBE31C20CE0A00DC9A13 /* target1.aif */,
				B332DBE41C20CE0A00DC9A13 /* target2.aif */,
				B332DBE51C20CE0A00DC9A13 /* target3.aif */,
				B332DBDD1C20CDFF00DC9A13 /* bump1.aif */,
				B332DBDE1C20CDFF00DC9A13 /* bump2.aif */,
				B332DBDF1C20CDFF00DC9A13 /* bump3.aif */,
				B332DBD71C20A54000DC9A13 /* layout.plist */,
				B36C04F41C13F34600F4058D /* TableNode.swift */,
				B332DBD51C209DFA00DC9A13 /* TargetNode.swift */,
				B36C04E11C12099500F4058D /* paddle-box.png */,
				B36C04E21C12099500F4058D /* plunger.png */,
				B36C04E31C12099500F4058D /* target.png */,
				B36C04E41C12099500F4058D /* bumper.png */,
				B36C04E51C12099500F4058D /* pinball.png */,
				B36C04E61C12099500F4058D /* paddle-anchor.png */,
				B36C04CB1C12092F00F4058D /* AppDelegate.swift */,
				B36C04CD1C12092F00F4058D /* GameScene.sks */,
				B36C04CF1C12092F00F4058D /* GameScene.swift */,
				B36C04D11C12092F00F4058D /* GameViewController.swift */,
				B36C04D31C12092F00F4058D /* Main.storyboard */,
				B36C04D61C12092F00F4058D /* Assets.xcassets */,
				B36C04D81C12092F00F4058D /* LaunchScreen.storyboard */,
				B36C04DB1C12092F00F4058D /* Info.plist */,
				B332DBDB1C20B4A800DC9A13 /* CategoriesMask.swift */,
			);
			path = PhysicsBall;
			sourceTree = "<group>";
		};
/* End PBXGroup section */

/* Begin PBXNativeTarget section */
		B36C04C71C12092F00F4058D /* PhysicsBall */ = {
			isa = PBXNativeTarget;
			buildConfigurationList = B36C04DE1C12092F00F4058D /* Build configuration list for PBXNativeTarget "PhysicsBall" */;
			buildPhases = (
				B36C04C41C12092F00F4058D /* Sources */,
				B36C04C51C12092F00F4058D /* Frameworks */,
				B36C04C61C12092F00F4058D /* Resources */,
			);
			buildRules = (
			);
			dependencies = (
			);
			name = PhysicsBall;
			productName = PhysicsBall;
			productReference = B36C04C81C12092F00F4058D /* PhysicsBall.app */;
			productType = "com.apple.product-type.application";
		};
/* End PBXNativeTarget section */

/* Begin PBXProject section */
		B36C04C01C12092F00F4058D /* Project object */ = {
			isa = PBXProject;
			attributes = {
				LastSwiftUpdateCheck = 0710;
				LastUpgradeCheck = 0710;
				ORGANIZATIONNAME = "Leonardo Correa";
				TargetAttributes = {
					B36C04C71C12092F00F4058D = {
						CreatedOnToolsVersion = 7.1.1;
						DevelopmentTeam = 4W5NK73LM4;
					};
				};
			};
			buildConfigurationList = B36C04C31C12092F00F4058D /* Build configuration list for PBXProject "PhysicsBall" */;
			compatibilityVersion = "Xcode 3.2";
			developmentRegion = English;
			hasScannedForEncodings = 0;
			knownRegions = (
				en,
				Base,
			);
			mainGroup = B36C04BF1C12092F00F4058D;
			productRefGroup = B36C04C91C12092F00F4058D /* Products */;
			projectDirPath = "";
			projectRoot = "";
			targets = (
				B36C04C71C12092F00F4058D /* PhysicsBall */,
			);
		};
/* End PBXProject section */

/* Begin PBXResourcesBuildPhase section */
		B36C04C61C12092F00F4058D /* Resources */ = {
			isa = PBXResourcesBuildPhase;
			buildActionMask = 2147483647;
			files = (
				B332DBE81C20CE0A00DC9A13 /* target3.aif in Resources */,
				B36C04EA1C12099500F4058D /* bumper.png in Resources */,
				B332DBE11C20CDFF00DC9A13 /* bump2.aif in Resources */,
				B332DBE71C20CE0A00DC9A13 /* target2.aif in Resources */,
				B332DBE61C20CE0A00DC9A13 /* target1.aif in Resources */,
				B36C04CE1C12092F00F4058D /* GameScene.sks in Resources */,
				B36C04DA1C12092F00F4058D /* LaunchScreen.storyboard in Resources */,
				B36C04D71C12092F00F4058D /* Assets.xcassets in Resources */,
				B36C04E71C12099500F4058D /* paddle-box.png in Resources */,
				B36C04EB1C12099500F4058D /* pinball.png in Resources */,
				B332DBD81C20A54000DC9A13 /* layout.plist in Resources */,
				B332DBE21C20CDFF00DC9A13 /* bump3.aif in Resources */,
				B36C04EC1C12099500F4058D /* paddle-anchor.png in Resources */,
				B332DBE01C20CDFF00DC9A13 /* bump1.aif in Resources */,
				B36C04D51C12092F00F4058D /* Main.storyboard in Resources */,
				B36C04E91C12099500F4058D /* target.png in Resources */,
				B36C04E81C12099500F4058D /* plunger.png in Resources */,
			);
			runOnlyForDeploymentPostprocessing = 0;
		};
/* End PBXResourcesBuildPhase section */

/* Begin PBXSourcesBuildPhase section */
		B36C04C41C12092F00F4058D /* Sources */ = {
			isa = PBXSourcesBuildPhase;
			buildActionMask = 2147483647;
			files = (
				B36C04F11C12102400F4058D /* PlungerNode.swift in Sources */,
				B332DBD61C209DFA00DC9A13 /* TargetNode.swift in Sources */,
				B36C04D01C12092F00F4058D /* GameScene.swift in Sources */,
				B332DBDC1C20B4A800DC9A13 /* CategoriesMask.swift in Sources */,
				B332DBD21C208F0600DC9A13 /* PaddleNode.swift in Sources */,
				B36C04D21C12092F00F4058D /* GameViewController.swift in Sources */,
				B332DBD41C209D2400DC9A13 /* BumperNode.swift in Sources */,
				B36C04EE1C120EF000F4058D /* PinballNode.swift in Sources */,
				B36C04F51C13F34600F4058D /* TableNode.swift in Sources */,
				B36C04CC1C12092F00F4058D /* AppDelegate.swift in Sources */,
				B332DBDA1C20AF6800DC9A13 /* HUDNode.swift in Sources */,
			);
			runOnlyForDeploymentPostprocessing = 0;
		};
/* End PBXSourcesBuildPhase section */

/* Begin PBXVariantGroup section */
		B36C04D31C12092F00F4058D /* Main.storyboard */ = {
			isa = PBXVariantGroup;
			children = (
				B36C04D41C12092F00F4058D /* Base */,
			);
			name = Main.storyboard;
			sourceTree = "<group>";
		};
		B36C04D81C12092F00F4058D /* LaunchScreen.storyboard */ = {
			isa = PBXVariantGroup;
			children = (
				B36C04D91C12092F00F4058D /* Base */,
			);
			name = LaunchScreen.storyboard;
			sourceTree = "<group>";
		};
/* End PBXVariantGroup section */

/* Begin XCBuildConfiguration section */
		B36C04DC1C12092F00F4058D /* Debug */ = {
			isa = XCBuildConfiguration;
			buildSettings = {
				ALWAYS_SEARCH_USER_PATHS = NO;
				CLANG_CXX_LANGUAGE_STANDARD = "gnu++0x";
				CLANG_CXX_LIBRARY = "libc++";
				CLANG_ENABLE_MODULES = YES;
				CLANG_ENABLE_OBJC_ARC = YES;
				CLANG_WARN_BOOL_CONVERSION = YES;
				CLANG_WARN_CONSTANT_CONVERSION = YES;
				CLANG_WARN_DIRECT_OBJC_ISA_USAGE = YES_ERROR;
				CLANG_WARN_EMPTY_BODY = YES;
				CLANG_WARN_ENUM_CONVERSION = YES;
				CLANG_WARN_INT_CONVERSION = YES;
				CLANG_WARN_OBJC_ROOT_CLASS = YES_ERROR;
				CLANG_WARN_UNREACHABLE_CODE = YES;
				CLANG_WARN__DUPLICATE_METHOD_MATCH = YES;
				"CODE_SIGN_IDENTITY[sdk=iphoneos*]" = "iPhone Developer";
				COPY_PHASE_STRIP = NO;
				DEBUG_INFORMATION_FORMAT = "dwarf-with-dsym";
				ENABLE_STRICT_OBJC_MSGSEND = YES;
				ENABLE_TESTABILITY = YES;
				GCC_C_LANGUAGE_STANDARD = gnu99;
				GCC_DYNAMIC_NO_PIC = NO;
				GCC_NO_COMMON_BLOCKS = YES;
				GCC_OPTIMIZATION_LEVEL = 0;
				GCC_PREPROCESSOR_DEFINITIONS = (
					"DEBUG=1",
					"$(inherited)",
				);
				GCC_WARN_64_TO_32_BIT_CONVERSION = YES;
				GCC_WARN_ABOUT_RETURN_TYPE = YES_ERROR;
				GCC_WARN_UNDECLARED_SELECTOR = YES;
				GCC_WARN_UNINITIALIZED_AUTOS = YES_AGGRESSIVE;
				GCC_WARN_UNUSED_FUNCTION = YES;
				GCC_WARN_UNUSED_VARIABLE = YES;
				IPHONEOS_DEPLOYMENT_TARGET = 9.1;
				MTL_ENABLE_DEBUG_INFO = YES;
				ONLY_ACTIVE_ARCH = YES;
				SDKROOT = iphoneos;
				SWIFT_OPTIMIZATION_LEVEL = "-Onone";
				TARGETED_DEVICE_FAMILY = "1,2";
			};
			name = Debug;
		};
		B36C04DD1C12092F00F4058D /* Release */ = {
			isa = XCBuildConfiguration;
			buildSettings = {
				ALWAYS_SEARCH_USER_PATHS = NO;
				CLANG_CXX_LANGUAGE_STANDARD = "gnu++0x";
				CLANG_CXX_LIBRARY = "libc++";
				CLANG_ENABLE_MODULES = YES;
				CLANG_ENABLE_OBJC_ARC = YES;
				CLANG_WARN_BOOL_CONVERSION = YES;
				CLANG_WARN_CONSTANT_CONVERSION = YES;
				CLANG_WARN_DIRECT_OBJC_ISA_USAGE = YES_ERROR;
				CLANG_WARN_EMPTY_BODY = YES;
				CLANG_WARN_ENUM_CONVERSION = YES;
				CLANG_WARN_INT_CONVERSION = YES;
				CLANG_WARN_OBJC_ROOT_CLASS = YES_ERROR;
				CLANG_WARN_UNREACHABLE_CODE = YES;
				CLANG_WARN__DUPLICATE_METHOD_MATCH = YES;
				"CODE_SIGN_IDENTITY[sdk=iphoneos*]" = "iPhone Developer";
				COPY_PHASE_STRIP = NO;
				DEBUG_INFORMATION_FORMAT = "dwarf-with-dsym";
				ENABLE_NS_ASSERTIONS = NO;
				ENABLE_STRICT_OBJC_MSGSEND = YES;
				GCC_C_LANGUAGE_STANDARD = gnu99;
				GCC_NO_COMMON_BLOCKS = YES;
				GCC_WARN_64_TO_32_BIT_CONVERSION = YES;
				GCC_WARN_ABOUT_RETURN_TYPE = YES_ERROR;
				GCC_WARN_UNDECLARED_SELECTOR = YES;
				GCC_WARN_UNINITIALIZED_AUTOS = YES_AGGRESSIVE;
				GCC_WARN_UNUSED_FUNCTION = YES;
				GCC_WARN_UNUSED_VARIABLE = YES;
				IPHONEOS_DEPLOYMENT_TARGET = 9.1;
				MTL_ENABLE_DEBUG_INFO = NO;
				SDKROOT = iphoneos;
				TARGETED_DEVICE_FAMILY = "1,2";
				VALIDATE_PRODUCT = YES;
			};
			name = Release;
		};
		B36C04DF1C12092F00F4058D /* Debug */ = {
			isa = XCBuildConfiguration;
			buildSettings = {
				ASSETCATALOG_COMPILER_APPICON_NAME = AppIcon;
				CODE_SIGN_IDENTITY = "iPhone Developer";
				INFOPLIST_FILE = PhysicsBall/Info.plist;
				LD_RUNPATH_SEARCH_PATHS = "$(inherited) @executable_path/Frameworks";
				PRODUCT_BUNDLE_IDENTIFIER = com.leocorrea.tonkpils.PhysicsBall;
				PRODUCT_NAME = "$(TARGET_NAME)";
			};
			name = Debug;
		};
		B36C04E01C12092F00F4058D /* Release */ = {
			isa = XCBuildConfiguration;
			buildSettings = {
				ASSETCATALOG_COMPILER_APPICON_NAME = AppIcon;
				CODE_SIGN_IDENTITY = "iPhone Developer";
				INFOPLIST_FILE = PhysicsBall/Info.plist;
				LD_RUNPATH_SEARCH_PATHS = "$(inherited) @executable_path/Frameworks";
				PRODUCT_BUNDLE_IDENTIFIER = com.leocorrea.tonkpils.PhysicsBall;
				PRODUCT_NAME = "$(TARGET_NAME)";
			};
			name = Release;
		};
/* End XCBuildConfiguration section */

/* Begin XCConfigurationList section */
		B36C04C31C12092F00F4058D /* Build configuration list for PBXProject "PhysicsBall" */ = {
			isa = XCConfigurationList;
			buildConfigurations = (
				B36C04DC1C12092F00F4058D /* Debug */,
				B36C04DD1C12092F00F4058D /* Release */,
			);
			defaultConfigurationIsVisible = 0;
			defaultConfigurationName = Release;
		};
		B36C04DE1C12092F00F4058D /* Build configuration list for PBXNativeTarget "PhysicsBall" */ = {
			isa = XCConfigurationList;
			buildConfigurations = (
				B36C04DF1C12092F00F4058D /* Debug */,
				B36C04E01C12092F00F4058D /* Release */,
			);
			defaultConfigurationIsVisible = 0;
			defaultConfigurationName = Release;
		};
/* End XCConfigurationList section */
	};
	rootObject = B36C04C01C12092F00F4058D /* Project object */;
}
